{
  "name": "devstand",
  "version": "0.0.3",
  "lockfileVersion": 2,
  "requires": true,
  "packages": {
    "": {
      "version": "0.0.3",
      "bin": {
        "devstand": "index.js"
      },
      "devDependencies": {
        "@types/node": "^17.0.10",
        "commander": "^8.3.0",
        "degit": "^2.8.4",
        "esbuild": "^0.12.29",
        "json-to-pretty-yaml": "^1.2.2"
      }
    },
    "node_modules/@types/node": {
      "version": "17.0.23",
      "resolved": "https://registry.npmjs.org/@types/node/-/node-17.0.23.tgz",
      "integrity": "sha512-UxDxWn7dl97rKVeVS61vErvw086aCYhDLyvRQZ5Rk65rZKepaFdm53GeqXaKBuOhED4e9uWq34IC3TdSdJJ2Gw==",
      "dev": true
    },
    "node_modules/commander": {
      "version": "8.3.0",
      "resolved": "https://registry.npmjs.org/commander/-/commander-8.3.0.tgz",
      "integrity": "sha512-OkTL9umf+He2DZkUq8f8J9of7yL6RJKI24dVITBmNfZBmri9zYZQrKkuXiKhyfPSu8tUhnVBB1iKXevvnlR4Ww==",
      "dev": true,
      "engines": {
        "node": ">= 12"
      }
    },
    "node_modules/degit": {
      "version": "2.8.4",
      "resolved": "https://registry.npmjs.org/degit/-/degit-2.8.4.tgz",
      "integrity": "sha512-vqYuzmSA5I50J882jd+AbAhQtgK6bdKUJIex1JNfEUPENCgYsxugzKVZlFyMwV4i06MmnV47/Iqi5Io86zf3Ng==",
      "dev": true,
      "bin": {
        "degit": "degit"
      },
      "engines": {
        "node": ">=8.0.0"
      }
    },
    "node_modules/esbuild": {
      "version": "0.12.29",
      "resolved": "https://registry.npmjs.org/esbuild/-/esbuild-0.12.29.tgz",
      "integrity": "sha512-w/XuoBCSwepyiZtIRsKsetiLDUVGPVw1E/R3VTFSecIy8UR7Cq3SOtwKHJMFoVqqVG36aGkzh4e8BvpO1Fdc7g==",
      "dev": true,
      "hasInstallScript": true,
      "bin": {
        "esbuild": "bin/esbuild"
      }
    },
    "node_modules/json-to-pretty-yaml": {
      "version": "1.2.2",
      "resolved": "https://registry.npmjs.org/json-to-pretty-yaml/-/json-to-pretty-yaml-1.2.2.tgz",
      "integrity": "sha1-9M0L0KXo/h3yWq9boRiwmf2ZLVs=",
      "dev": true,
      "dependencies": {
        "remedial": "^1.0.7",
        "remove-trailing-spaces": "^1.0.6"
      },
      "engines": {
        "node": ">= 0.2.0"
      }
    },
    "node_modules/remedial": {
      "version": "1.0.8",
      "resolved": "https://registry.npmjs.org/remedial/-/remedial-1.0.8.tgz",
      "integrity": "sha512-/62tYiOe6DzS5BqVsNpH/nkGlX45C/Sp6V+NtiN6JQNS1Viay7cWkazmRkrQrdFj2eshDe96SIQNIoMxqhzBOg==",
      "dev": true,
      "engines": {
        "node": "*"
      }
    },
    "node_modules/remove-trailing-spaces": {
      "version": "1.0.8",
      "resolved": "https://registry.npmjs.org/remove-trailing-spaces/-/remove-trailing-spaces-1.0.8.tgz",
      "integrity": "sha512-O3vsMYfWighyFbTd8hk8VaSj9UAGENxAtX+//ugIst2RMk5e03h6RoIS+0ylsFxY1gvmPuAY/PO4It+gPEeySA==",
      "dev": true
    }
  },
  "dependencies": {
    "@types/node": {
      "version": "17.0.23",
      "resolved": "https://registry.npmjs.org/@types/node/-/node-17.0.23.tgz",
      "integrity": "sha512-UxDxWn7dl97rKVeVS61vErvw086aCYhDLyvRQZ5Rk65rZKepaFdm53GeqXaKBuOhED4e9uWq34IC3TdSdJJ2Gw==",
      "dev": true
    },
    "commander": {
      "version": "8.3.0",
      "resolved": "https://registry.npmjs.org/commander/-/commander-8.3.0.tgz",
      "integrity": "sha512-OkTL9umf+He2DZkUq8f8J9of7yL6RJKI24dVITBmNfZBmri9zYZQrKkuXiKhyfPSu8tUhnVBB1iKXevvnlR4Ww==",
      "dev": true
    },
    "degit": {
      "version": "2.8.4",
      "resolved": "https://registry.npmjs.org/degit/-/degit-2.8.4.tgz",
      "integrity": "sha512-vqYuzmSA5I50J882jd+AbAhQtgK6bdKUJIex1JNfEUPENCgYsxugzKVZlFyMwV4i06MmnV47/Iqi5Io86zf3Ng==",
      "dev": true
    },
    "esbuild": {
      "version": "0.12.29",
      "resolved": "https://registry.npmjs.org/esbuild/-/esbuild-0.12.29.tgz",
      "integrity": "sha512-w/XuoBCSwepyiZtIRsKsetiLDUVGPVw1E/R3VTFSecIy8UR7Cq3SOtwKHJMFoVqqVG36aGkzh4e8BvpO1Fdc7g==",
      "dev": true
    },
    "json-to-pretty-yaml": {
      "version": "1.2.2",
      "resolved": "https://registry.npmjs.org/json-to-pretty-yaml/-/json-to-pretty-yaml-1.2.2.tgz",
      "integrity": "sha1-9M0L0KXo/h3yWq9boRiwmf2ZLVs=",
      "dev": true,
      "requires": {
        "remedial": "^1.0.7",
        "remove-trailing-spaces": "^1.0.6"
      }
    },
    "remedial": {
      "version": "1.0.8",
      "resolved": "https://registry.npmjs.org/remedial/-/remedial-1.0.8.tgz",
      "integrity": "sha512-/62tYiOe6DzS5BqVsNpH/nkGlX45C/Sp6V+NtiN6JQNS1Viay7cWkazmRkrQrdFj2eshDe96SIQNIoMxqhzBOg==",
      "dev": true
    },
    "remove-trailing-spaces": {
      "version": "1.0.8",
      "resolved": "https://registry.npmjs.org/remove-trailing-spaces/-/remove-trailing-spaces-1.0.8.tgz",
      "integrity": "sha512-O3vsMYfWighyFbTd8hk8VaSj9UAGENxAtX+//ugIst2RMk5e03h6RoIS+0ylsFxY1gvmPuAY/PO4It+gPEeySA==",
      "dev": true
    }
  }
}
